# THIS IS AN AUTOGENERATED FILE. DO NOT EDIT THIS FILE DIRECTLY.
# yarn lockfile v1


css-what@^4:
  version "4.0.0"
  resolved "https://registry.yarnpkg.com/css-what/-/css-what-4.0.0.tgz#35e73761cab2eeb3d3661126b23d7aa0e8432233"
  integrity sha512-teijzG7kwYfNVsUh2H/YN62xW3KK9YhXEgSlbxMlcyjPNvdKJqFx5lrwlJgoFP1ZHlB89iGDlo/JyshKeRhv5A==

lodash@4.17.1:
  version "4.17.1"
  resolved "https://registry.yarnpkg.com/lodash/-/lodash-4.17.1.tgz#e75eaf17a34730c6491d9956f4d81f3a044f01bf"
  integrity sha1-516vF6NHMMZJHZlW9NgfOgRPAb8=

ws@^7.5.2:
  version "7.5.2"
  resolved "https://registry.yarnpkg.com/ws/-/ws-7.5.2.tgz#09cc8fea3bec1bc5ed44ef51b42f945be36900f6"
  integrity sha512-lkF7AWRicoB9mAgjeKbGqVUekLnSNO4VjKVnuPHpQeOxZOErX6BPXwJk70nFslRCEEA8EVW7ZjKwXaP9N+1sKQ==
